// !$*UTF8*$!
{
	archiveVersion = 1;
	classes = {
	};
	objectVersion = 46;
	objects = {

/* Begin PBXBuildFile section */
		0EBBB21720E472E5005875FC /* mycrypto_test1.json in Resources */ = {isa = PBXBuildFile; fileRef = 0EBBB20F20E472E4005875FC /* mycrypto_test1.json */; };
		0EBBB21820E472E5005875FC /* mycrypto_test2.json in Resources */ = {isa = PBXBuildFile; fileRef = 0EBBB21020E472E4005875FC /* mycrypto_test2.json */; };
		0EBBB21920E472E5005875FC /* mycrypto_test4.json in Resources */ = {isa = PBXBuildFile; fileRef = 0EBBB21120E472E4005875FC /* mycrypto_test4.json */; };
		0EBBB21A20E472E5005875FC /* keythereum_test2.json in Resources */ = {isa = PBXBuildFile; fileRef = 0EBBB21220E472E5005875FC /* keythereum_test2.json */; };
		0EBBB21B20E472E5005875FC /* keythereum_test3.json in Resources */ = {isa = PBXBuildFile; fileRef = 0EBBB21320E472E5005875FC /* keythereum_test3.json */; };
		0EBBB21C20E472E5005875FC /* StubLoader.swift in Sources */ = {isa = PBXBuildFile; fileRef = 0EBBB21420E472E5005875FC /* StubLoader.swift */; };
		0EBBB21D20E472E5005875FC /* mycrypto_test3.json in Resources */ = {isa = PBXBuildFile; fileRef = 0EBBB21520E472E5005875FC /* mycrypto_test3.json */; };
		0EBBB21E20E472E5005875FC /* keythereum_test1.json in Resources */ = {isa = PBXBuildFile; fileRef = 0EBBB21620E472E5005875FC /* keythereum_test1.json */; };
		0EBBB22120E472EB005875FC /* KeystoreCreationTests.swift in Sources */ = {isa = PBXBuildFile; fileRef = 0EBBB21F20E472EB005875FC /* KeystoreCreationTests.swift */; };
		0EBBB22220E472EB005875FC /* PrivateKeyExtractionTests.swift in Sources */ = {isa = PBXBuildFile; fileRef = 0EBBB22020E472EB005875FC /* PrivateKeyExtractionTests.swift */; };
		FA79570C37A227E1E440E6B2 /* Pods_Keystore_Tests.framework in Frameworks */ = {isa = PBXBuildFile; fileRef = 11D113F75E060A9752B0A826 /* Pods_Keystore_Tests.framework */; };
/* End PBXBuildFile section */

/* Begin PBXFileReference section */
		0ACBF08A51AE1589BBA73DFA /* Pods-Keystore_Tests.release.xcconfig */ = {isa = PBXFileReference; includeInIndex = 1; lastKnownFileType = text.xcconfig; name = "Pods-Keystore_Tests.release.xcconfig"; path = "Pods/Target Support Files/Pods-Keystore_Tests/Pods-Keystore_Tests.release.xcconfig"; sourceTree = "<group>"; };
		0EBBB20F20E472E4005875FC /* mycrypto_test1.json */ = {isa = PBXFileReference; fileEncoding = 4; lastKnownFileType = text.json; path = mycrypto_test1.json; sourceTree = "<group>"; };
		0EBBB21020E472E4005875FC /* mycrypto_test2.json */ = {isa = PBXFileReference; fileEncoding = 4; lastKnownFileType = text.json; path = mycrypto_test2.json; sourceTree = "<group>"; };
		0EBBB21120E472E4005875FC /* mycrypto_test4.json */ = {isa = PBXFileReference; fileEncoding = 4; lastKnownFileType = text.json; path = mycrypto_test4.json; sourceTree = "<group>"; };
		0EBBB21220E472E5005875FC /* keythereum_test2.json */ = {isa = PBXFileReference; fileEncoding = 4; lastKnownFileType = text.json; path = keythereum_test2.json; sourceTree = "<group>"; };
		0EBBB21320E472E5005875FC /* keythereum_test3.json */ = {isa = PBXFileReference; fileEncoding = 4; lastKnownFileType = text.json; path = keythereum_test3.json; sourceTree = "<group>"; };
		0EBBB21420E472E5005875FC /* StubLoader.swift */ = {isa = PBXFileReference; fileEncoding = 4; lastKnownFileType = sourcecode.swift; path = StubLoader.swift; sourceTree = "<group>"; };
		0EBBB21520E472E5005875FC /* mycrypto_test3.json */ = {isa = PBXFileReference; fileEncoding = 4; lastKnownFileType = text.json; path = mycrypto_test3.json; sourceTree = "<group>"; };
		0EBBB21620E472E5005875FC /* keythereum_test1.json */ = {isa = PBXFileReference; fileEncoding = 4; lastKnownFileType = text.json; path = keythereum_test1.json; sourceTree = "<group>"; };
		0EBBB21F20E472EB005875FC /* KeystoreCreationTests.swift */ = {isa = PBXFileReference; fileEncoding = 4; lastKnownFileType = sourcecode.swift; path = KeystoreCreationTests.swift; sourceTree = "<group>"; };
		0EBBB22020E472EB005875FC /* PrivateKeyExtractionTests.swift */ = {isa = PBXFileReference; fileEncoding = 4; lastKnownFileType = sourcecode.swift; path = PrivateKeyExtractionTests.swift; sourceTree = "<group>"; };
		11D113F75E060A9752B0A826 /* Pods_Keystore_Tests.framework */ = {isa = PBXFileReference; explicitFileType = wrapper.framework; includeInIndex = 0; path = Pods_Keystore_Tests.framework; sourceTree = BUILT_PRODUCTS_DIR; };
		1B02EA00C9747F8C9346258C /* Pods-Keystore_Tests.debug.xcconfig */ = {isa = PBXFileReference; includeInIndex = 1; lastKnownFileType = text.xcconfig; name = "Pods-Keystore_Tests.debug.xcconfig"; path = "Pods/Target Support Files/Pods-Keystore_Tests/Pods-Keystore_Tests.debug.xcconfig"; sourceTree = "<group>"; };
		4E289193E53A0B506FD9AB7F /* README.md */ = {isa = PBXFileReference; includeInIndex = 1; lastKnownFileType = net.daringfireball.markdown; name = README.md; path = ../README.md; sourceTree = "<group>"; };
		607FACE51AFB9204008FA782 /* Keystore_Tests.xctest */ = {isa = PBXFileReference; explicitFileType = wrapper.cfbundle; includeInIndex = 0; path = Keystore_Tests.xctest; sourceTree = BUILT_PRODUCTS_DIR; };
		607FACEA1AFB9204008FA782 /* Info.plist */ = {isa = PBXFileReference; lastKnownFileType = text.plist.xml; path = Info.plist; sourceTree = "<group>"; };
		72876BBB08E983C55275832B /* Keystore.podspec */ = {isa = PBXFileReference; includeInIndex = 1; lastKnownFileType = text; name = Keystore.podspec; path = ../Keystore.podspec; sourceTree = "<group>"; };
		9610DE88BE393FD3C2CBF7BC /* LICENSE */ = {isa = PBXFileReference; includeInIndex = 1; lastKnownFileType = text; name = LICENSE; path = ../LICENSE; sourceTree = "<group>"; };
/* End PBXFileReference section */

/* Begin PBXFrameworksBuildPhase section */
		607FACE21AFB9204008FA782 /* Frameworks */ = {
			isa = PBXFrameworksBuildPhase;
			buildActionMask = 2147483647;
			files = (
				FA79570C37A227E1E440E6B2 /* Pods_Keystore_Tests.framework in Frameworks */,
			);
			runOnlyForDeploymentPostprocessing = 0;
		};
/* End PBXFrameworksBuildPhase section */

/* Begin PBXGroup section */
		0EBBB20D20E472B9005875FC /* KeystoreTests */ = {
			isa = PBXGroup;
			children = (
				0EBBB21F20E472EB005875FC /* KeystoreCreationTests.swift */,
				0EBBB22020E472EB005875FC /* PrivateKeyExtractionTests.swift */,
			);
			path = KeystoreTests;
			sourceTree = "<group>";
		};
		0EBBB20E20E472D0005875FC /* Stubs */ = {
			isa = PBXGroup;
			children = (
				0EBBB21620E472E5005875FC /* keythereum_test1.json */,
				0EBBB21220E472E5005875FC /* keythereum_test2.json */,
				0EBBB21320E472E5005875FC /* keythereum_test3.json */,
				0EBBB20F20E472E4005875FC /* mycrypto_test1.json */,
				0EBBB21020E472E4005875FC /* mycrypto_test2.json */,
				0EBBB21520E472E5005875FC /* mycrypto_test3.json */,
				0EBBB21120E472E4005875FC /* mycrypto_test4.json */,
				0EBBB21420E472E5005875FC /* StubLoader.swift */,
			);
			path = Stubs;
			sourceTree = "<group>";
		};
		1EA93063E73C350EE49D11A5 /* Frameworks */ = {
			isa = PBXGroup;
			children = (
				11D113F75E060A9752B0A826 /* Pods_Keystore_Tests.framework */,
			);
			name = Frameworks;
			sourceTree = "<group>";
		};
		607FACC71AFB9204008FA782 = {
			isa = PBXGroup;
			children = (
				607FACF51AFB993E008FA782 /* Podspec Metadata */,
				607FACE81AFB9204008FA782 /* Tests */,
				607FACD11AFB9204008FA782 /* Products */,
				A14FED6D31E90A2C362448EB /* Pods */,
				1EA93063E73C350EE49D11A5 /* Frameworks */,
			);
			sourceTree = "<group>";
		};
		607FACD11AFB9204008FA782 /* Products */ = {
			isa = PBXGroup;
			children = (
				607FACE51AFB9204008FA782 /* Keystore_Tests.xctest */,
			);
			name = Products;
			sourceTree = "<group>";
		};
		607FACE81AFB9204008FA782 /* Tests */ = {
			isa = PBXGroup;
			children = (
				0EBBB20E20E472D0005875FC /* Stubs */,
				0EBBB20D20E472B9005875FC /* KeystoreTests */,
				607FACE91AFB9204008FA782 /* Supporting Files */,
			);
			path = Tests;
			sourceTree = "<group>";
		};
		607FACE91AFB9204008FA782 /* Supporting Files */ = {
			isa = PBXGroup;
			children = (
				607FACEA1AFB9204008FA782 /* Info.plist */,
			);
			name = "Supporting Files";
			sourceTree = "<group>";
		};
		607FACF51AFB993E008FA782 /* Podspec Metadata */ = {
			isa = PBXGroup;
			children = (
				72876BBB08E983C55275832B /* Keystore.podspec */,
				4E289193E53A0B506FD9AB7F /* README.md */,
				9610DE88BE393FD3C2CBF7BC /* LICENSE */,
			);
			name = "Podspec Metadata";
			sourceTree = "<group>";
		};
		A14FED6D31E90A2C362448EB /* Pods */ = {
			isa = PBXGroup;
			children = (
				1B02EA00C9747F8C9346258C /* Pods-Keystore_Tests.debug.xcconfig */,
				0ACBF08A51AE1589BBA73DFA /* Pods-Keystore_Tests.release.xcconfig */,
			);
			name = Pods;
			sourceTree = "<group>";
		};
/* End PBXGroup section */

/* Begin PBXNativeTarget section */
		607FACE41AFB9204008FA782 /* Keystore_Tests */ = {
			isa = PBXNativeTarget;
			buildConfigurationList = 607FACF21AFB9204008FA782 /* Build configuration list for PBXNativeTarget "Keystore_Tests" */;
			buildPhases = (
				176DAEEDAF622A26FB45F1F7 /* [CP] Check Pods Manifest.lock */,
				607FACE11AFB9204008FA782 /* Sources */,
				607FACE21AFB9204008FA782 /* Frameworks */,
				607FACE31AFB9204008FA782 /* Resources */,
				DFD5C215CE010F52BAE887F3 /* [CP] Embed Pods Frameworks */,
			);
			buildRules = (
			);
			dependencies = (
			);
			name = Keystore_Tests;
			productName = Tests;
			productReference = 607FACE51AFB9204008FA782 /* Keystore_Tests.xctest */;
			productType = "com.apple.product-type.bundle.unit-test";
		};
/* End PBXNativeTarget section */

/* Begin PBXProject section */
		607FACC81AFB9204008FA782 /* Project object */ = {
			isa = PBXProject;
			attributes = {
				LastSwiftUpdateCheck = 0830;
				LastUpgradeCheck = 0830;
				ORGANIZATIONNAME = CocoaPods;
				TargetAttributes = {
					607FACE41AFB9204008FA782 = {
						CreatedOnToolsVersion = 6.3.1;
						LastSwiftMigration = 0940;
						TestTargetID = 607FACCF1AFB9204008FA782;
					};
				};
			};
			buildConfigurationList = 607FACCB1AFB9204008FA782 /* Build configuration list for PBXProject "Keystore" */;
			compatibilityVersion = "Xcode 3.2";
			developmentRegion = English;
			hasScannedForEncodings = 0;
			knownRegions = (
				English,
				en,
				Base,
			);
			mainGroup = 607FACC71AFB9204008FA782;
			productRefGroup = 607FACD11AFB9204008FA782 /* Products */;
			projectDirPath = "";
			projectRoot = "";
			targets = (
				607FACE41AFB9204008FA782 /* Keystore_Tests */,
			);
		};
/* End PBXProject section */

/* Begin PBXResourcesBuildPhase section */
		607FACE31AFB9204008FA782 /* Resources */ = {
			isa = PBXResourcesBuildPhase;
			buildActionMask = 2147483647;
			files = (
				0EBBB21E20E472E5005875FC /* keythereum_test1.json in Resources */,
				0EBBB21720E472E5005875FC /* mycrypto_test1.json in Resources */,
				0EBBB21A20E472E5005875FC /* keythereum_test2.json in Resources */,
				0EBBB21D20E472E5005875FC /* mycrypto_test3.json in Resources */,
				0EBBB21820E472E5005875FC /* mycrypto_test2.json in Resources */,
				0EBBB21B20E472E5005875FC /* keythereum_test3.json in Resources */,
				0EBBB21920E472E5005875FC /* mycrypto_test4.json in Resources */,
			);
			runOnlyForDeploymentPostprocessing = 0;
		};
/* End PBXResourcesBuildPhase section */

/* Begin PBXShellScriptBuildPhase section */
		176DAEEDAF622A26FB45F1F7 /* [CP] Check Pods Manifest.lock */ = {
			isa = PBXShellScriptBuildPhase;
			buildActionMask = 2147483647;
			files = (
			);
			inputPaths = (
				"${PODS_PODFILE_DIR_PATH}/Podfile.lock",
				"${PODS_ROOT}/Manifest.lock",
			);
			name = "[CP] Check Pods Manifest.lock";
			outputPaths = (
				"$(DERIVED_FILE_DIR)/Pods-Keystore_Tests-checkManifestLockResult.txt",
			);
			runOnlyForDeploymentPostprocessing = 0;
			shellPath = /bin/sh;
			shellScript = "diff \"${PODS_PODFILE_DIR_PATH}/Podfile.lock\" \"${PODS_ROOT}/Manifest.lock\" > /dev/null\nif [ $? != 0 ] ; then\n    # print error to STDERR\n    echo \"error: The sandbox is not in sync with the Podfile.lock. Run 'pod install' or update your CocoaPods installation.\" >&2\n    exit 1\nfi\n# This output is used by Xcode 'outputs' to avoid re-running this script phase.\necho \"SUCCESS\" > \"${SCRIPT_OUTPUT_FILE_0}\"\n";
			showEnvVarsInLog = 0;
		};
		DFD5C215CE010F52BAE887F3 /* [CP] Embed Pods Frameworks */ = {
			isa = PBXShellScriptBuildPhase;
			buildActionMask = 2147483647;
			files = (
			);
			inputPaths = (
				"${PODS_ROOT}/Target Support Files/Pods-Keystore_Tests/Pods-Keystore_Tests-frameworks.sh",
				"${BUILT_PRODUCTS_DIR}/CryptoSwift/CryptoSwift.framework",
				"${BUILT_PRODUCTS_DIR}/Keystore/Keystore.framework",
				"${BUILT_PRODUCTS_DIR}/Nimble/Nimble.framework",
				"${BUILT_PRODUCTS_DIR}/Quick/Quick.framework",
				"${BUILT_PRODUCTS_DIR}/secp256k1.swift/secp256k1.framework",
			);
			name = "[CP] Embed Pods Frameworks";
			outputPaths = (
				"${TARGET_BUILD_DIR}/${FRAMEWORKS_FOLDER_PATH}/CryptoSwift.framework",
				"${TARGET_BUILD_DIR}/${FRAMEWORKS_FOLDER_PATH}/Keystore.framework",
				"${TARGET_BUILD_DIR}/${FRAMEWORKS_FOLDER_PATH}/Nimble.framework",
				"${TARGET_BUILD_DIR}/${FRAMEWORKS_FOLDER_PATH}/Quick.framework",
				"${TARGET_BUILD_DIR}/${FRAMEWORKS_FOLDER_PATH}/secp256k1.framework",
			);
			runOnlyForDeploymentPostprocessing = 0;
			shellPath = /bin/sh;
			shellScript = "\"${PODS_ROOT}/Target Support Files/Pods-Keystore_Tests/Pods-Keystore_Tests-frameworks.sh\"\n";
			showEnvVarsInLog = 0;
		};
/* End PBXShellScriptBuildPhase section */

/* Begin PBXSourcesBuildPhase section */
		607FACE11AFB9204008FA782 /* Sources */ = {
			isa = PBXSourcesBuildPhase;
			buildActionMask = 2147483647;
			files = (
				0EBBB22120E472EB005875FC /* KeystoreCreationTests.swift in Sources */,
				0EBBB22220E472EB005875FC /* PrivateKeyExtractionTests.swift in Sources */,
				0EBBB21C20E472E5005875FC /* StubLoader.swift in Sources */,
			);
			runOnlyForDeploymentPostprocessing = 0;
		};
/* End PBXSourcesBuildPhase section */

/* Begin XCBuildConfiguration section */
		607FACED1AFB9204008FA782 /* Debug */ = {
			isa = XCBuildConfiguration;
			buildSettings = {
				ALWAYS_SEARCH_USER_PATHS = NO;
				CLANG_CXX_LANGUAGE_STANDARD = "gnu++0x";
				CLANG_CXX_LIBRARY = "libc++";
				CLANG_ENABLE_MODULES = YES;
				CLANG_ENABLE_OBJC_ARC = YES;
				CLANG_WARN_BLOCK_CAPTURE_AUTORELEASING = YES;
				CLANG_WARN_BOOL_CONVERSION = YES;
				CLANG_WARN_COMMA = YES;
				CLANG_WARN_CONSTANT_CONVERSION = YES;
				CLANG_WARN_DIRECT_OBJC_ISA_USAGE = YES_ERROR;
				CLANG_WARN_EMPTY_BODY = YES;
				CLANG_WARN_ENUM_CONVERSION = YES;
				CLANG_WARN_INFINITE_RECURSION = YES;
				CLANG_WARN_INT_CONVERSION = YES;
				CLANG_WARN_NON_LITERAL_NULL_CONVERSION = YES;
				CLANG_WARN_OBJC_LITERAL_CONVERSION = YES;
				CLANG_WARN_OBJC_ROOT_CLASS = YES_ERROR;
				CLANG_WARN_RANGE_LOOP_ANALYSIS = YES;
				CLANG_WARN_STRICT_PROTOTYPES = YES;
				CLANG_WARN_SUSPICIOUS_MOVE = YES;
				CLANG_WARN_UNREACHABLE_CODE = YES;
				CLANG_WARN__DUPLICATE_METHOD_MATCH = YES;
				"CODE_SIGN_IDENTITY[sdk=iphoneos*]" = "iPhone Developer";
				COPY_PHASE_STRIP = NO;
				DEBUG_INFORMATION_FORMAT = "dwarf-with-dsym";
				ENABLE_STRICT_OBJC_MSGSEND = YES;
				ENABLE_TESTABILITY = YES;
				GCC_C_LANGUAGE_STANDARD = gnu99;
				GCC_DYNAMIC_NO_PIC = NO;
				GCC_NO_COMMON_BLOCKS = YES;
				GCC_OPTIMIZATION_LEVEL = 0;
				GCC_PREPROCESSOR_DEFINITIONS = (
					"DEBUG=1",
					"$(inherited)",
				);
				GCC_SYMBOLS_PRIVATE_EXTERN = NO;
				GCC_WARN_64_TO_32_BIT_CONVERSION = YES;
				GCC_WARN_ABOUT_RETURN_TYPE = YES_ERROR;
				GCC_WARN_UNDECLARED_SELECTOR = YES;
				GCC_WARN_UNINITIALIZED_AUTOS = YES_AGGRESSIVE;
				GCC_WARN_UNUSED_FUNCTION = YES;
				GCC_WARN_UNUSED_VARIABLE = YES;
				IPHONEOS_DEPLOYMENT_TARGET = 9.3;
				MTL_ENABLE_DEBUG_INFO = YES;
				ONLY_ACTIVE_ARCH = YES;
				SDKROOT = iphoneos;
				SWIFT_OPTIMIZATION_LEVEL = "-Onone";
			};
			name = Debug;
		};
		607FACEE1AFB9204008FA782 /* Release */ = {
			isa = XCBuildConfiguration;
			buildSettings = {
				ALWAYS_SEARCH_USER_PATHS = NO;
				CLANG_CXX_LANGUAGE_STANDARD = "gnu++0x";
				CLANG_CXX_LIBRARY = "libc++";
				CLANG_ENABLE_MODULES = YES;
				CLANG_ENABLE_OBJC_ARC = YES;
				CLANG_WARN_BLOCK_CAPTURE_AUTORELEASING = YES;
				CLANG_WARN_BOOL_CONVERSION = YES;
				CLANG_WARN_COMMA = YES;
				CLANG_WARN_CONSTANT_CONVERSION = YES;
				CLANG_WARN_DIRECT_OBJC_ISA_USAGE = YES_ERROR;
				CLANG_WARN_EMPTY_BODY = YES;
				CLANG_WARN_ENUM_CONVERSION = YES;
				CLANG_WARN_INFINITE_RECURSION = YES;
				CLANG_WARN_INT_CONVERSION = YES;
				CLANG_WARN_NON_LITERAL_NULL_CONVERSION = YES;
				CLANG_WARN_OBJC_LITERAL_CONVERSION = YES;
				CLANG_WARN_OBJC_ROOT_CLASS = YES_ERROR;
				CLANG_WARN_RANGE_LOOP_ANALYSIS = YES;
				CLANG_WARN_STRICT_PROTOTYPES = YES;
				CLANG_WARN_SUSPICIOUS_MOVE = YES;
				CLANG_WARN_UNREACHABLE_CODE = YES;
				CLANG_WARN__DUPLICATE_METHOD_MATCH = YES;
				"CODE_SIGN_IDENTITY[sdk=iphoneos*]" = "iPhone Developer";
				COPY_PHASE_STRIP = NO;
				DEBUG_INFORMATION_FORMAT = "dwarf-with-dsym";
				ENABLE_NS_ASSERTIONS = NO;
				ENABLE_STRICT_OBJC_MSGSEND = YES;
				GCC_C_LANGUAGE_STANDARD = gnu99;
				GCC_NO_COMMON_BLOCKS = YES;
				GCC_WARN_64_TO_32_BIT_CONVERSION = YES;
				GCC_WARN_ABOUT_RETURN_TYPE = YES_ERROR;
				GCC_WARN_UNDECLARED_SELECTOR = YES;
				GCC_WARN_UNINITIALIZED_AUTOS = YES_AGGRESSIVE;
				GCC_WARN_UNUSED_FUNCTION = YES;
				GCC_WARN_UNUSED_VARIABLE = YES;
				IPHONEOS_DEPLOYMENT_TARGET = 9.3;
				MTL_ENABLE_DEBUG_INFO = NO;
				SDKROOT = iphoneos;
				SWIFT_OPTIMIZATION_LEVEL = "-Owholemodule";
				VALIDATE_PRODUCT = YES;
			};
			name = Release;
		};
		607FACF31AFB9204008FA782 /* Debug */ = {
			isa = XCBuildConfiguration;
			baseConfigurationReference = 1B02EA00C9747F8C9346258C /* Pods-Keystore_Tests.debug.xcconfig */;
			buildSettings = {
				CLANG_ENABLE_MODULES = YES;
				FRAMEWORK_SEARCH_PATHS = (
					"$(SDKROOT)/Developer/Library/Frameworks",
					"$(inherited)",
				);
				GCC_PREPROCESSOR_DEFINITIONS = (
					"DEBUG=1",
					"$(inherited)",
				);
				INFOPLIST_FILE = Tests/Info.plist;
				LD_RUNPATH_SEARCH_PATHS = "$(inherited) @executable_path/Frameworks @loader_path/Frameworks";
				PRODUCT_BUNDLE_IDENTIFIER = "org.cocoapods.$(PRODUCT_NAME:rfc1034identifier)";
				PRODUCT_NAME = "$(TARGET_NAME)";
				SWIFT_OPTIMIZATION_LEVEL = "-Onone";
				SWIFT_SWIFT3_OBJC_INFERENCE = Default;
				SWIFT_VERSION = 5.0;
			};
			name = Debug;
		};
		607FACF41AFB9204008FA782 /* Release */ = {
			isa = XCBuildConfiguration;
			baseConfigurationReference = 0ACBF08A51AE1589BBA73DFA /* Pods-Keystore_Tests.release.xcconfig */;
			buildSettings = {
				CLANG_ENABLE_MODULES = YES;
				FRAMEWORK_SEARCH_PATHS = (
					"$(SDKROOT)/Developer/Library/Frameworks",
					"$(inherited)",
				);
				INFOPLIST_FILE = Tests/Info.plist;
				LD_RUNPATH_SEARCH_PATHS = "$(inherited) @executable_path/Frameworks @loader_path/Frameworks";
				PRODUCT_BUNDLE_IDENTIFIER = "org.cocoapods.$(PRODUCT_NAME:rfc1034identifier)";
				PRODUCT_NAME = "$(TARGET_NAME)";
				SWIFT_SWIFT3_OBJC_INFERENCE = Default;
				SWIFT_VERSION = 5.0;
			};
			name = Release;
		};
/* End XCBuildConfiguration section */

/* Begin XCConfigurationList section */
		607FACCB1AFB9204008FA782 /* Build configuration list for PBXProject "Keystore" */ = {
			isa = XCConfigurationList;
			buildConfigurations = (
				607FACED1AFB9204008FA782 /* Debug */,
				607FACEE1AFB9204008FA782 /* Release */,
			);
			defaultConfigurationIsVisible = 0;
			defaultConfigurationName = Release;
		};
		607FACF21AFB9204008FA782 /* Build configuration list for PBXNativeTarget "Keystore_Tests" */ = {
			isa = XCConfigurationList;
			buildConfigurations = (
				607FACF31AFB9204008FA782 /* Debug */,
				607FACF41AFB9204008FA782 /* Release */,
			);
			defaultConfigurationIsVisible = 0;
			defaultConfigurationName = Release;
		};
/* End XCConfigurationList section */
	};
	rootObject = 607FACC81AFB9204008FA782 /* Project object */;
}
